
Microsoft Visual Studio Solution File, Format Version 12.00
# Visual Studio Version 16
VisualStudioVersion = 16.0.30413.136
MinimumVisualStudioVersion = 10.0.40219.1
Project("{FAE04EC0-301F-11D3-BF4B-00C04F79EFBC}") = "ApiConnect_WindowsFormApp", "ApiConnect_WindowsFormApp\ApiConnect_WindowsFormApp.csproj", "{ED1541F9-98B3-4AB7-ADBB-E449B7B484FE}"
EndProject
Global
	GlobalSection(SolutionConfigurationPlatforms) = preSolution
		Debug|Any CPU = Debug|Any CPU
		Release|Any CPU = Release|Any CPU
	EndGlobalSection
	GlobalSection(ProjectConfigurationPlatforms) = postSolution
		{ED1541F9-98B3-4AB7-ADBB-E449B7B484FE}.Debug|Any CPU.ActiveCfg = Debug|Any CPU
		{ED1541F9-98B3-4AB7-ADBB-E449B7B484FE}.Debug|Any CPU.Build.0 = Debug|Any CPU
		{ED1541F9-98B3-4AB7-ADBB-E449B7B484FE}.Release|Any CPU.ActiveCfg = Release|Any CPU
		{ED1541F9-98B3-4AB7-ADBB-E449B7B484FE}.Release|Any CPU.Build.0 = Release|Any CPU
	EndGlobalSection
	GlobalSection(SolutionProperties) = preSolution
		HideSolutionNode = FALSE
	EndGlobalSection
	GlobalSection(ExtensibilityGlobals) = postSolution
		SolutionGuid = {42991739-35AE-44A4-AB18-036A53673ACD}
	EndGlobalSection
EndGlobal
